
Microsoft Visual Studio Solution File, Format Version 12.00
# Visual Studio Version 17
VisualStudioVersion = 17.9.34723.18
MinimumVisualStudioVersion = 10.0.40219.1
Project("{9A19103F-16F7-4668-BE54-9A1E7A4F7556}") = "clientUPDATE", "client\clientUPDATE.csproj", "{6BCA8F3C-8FDA-4220-A44A-683867FA36CD}"
EndProject
Global
	GlobalSection(SolutionConfigurationPlatforms) = preSolution
		Debug|Any CPU = Debug|Any CPU
		Release|Any CPU = Release|Any CPU
	EndGlobalSection
	GlobalSection(ProjectConfigurationPlatforms) = postSolution
		{6BCA8F3C-8FDA-4220-A44A-683867FA36CD}.Debug|Any CPU.ActiveCfg = Debug|Any CPU
		{6BCA8F3C-8FDA-4220-A44A-683867FA36CD}.Debug|Any CPU.Build.0 = Debug|Any CPU
		{6BCA8F3C-8FDA-4220-A44A-683867FA36CD}.Release|Any CPU.ActiveCfg = Release|Any CPU
		{6BCA8F3C-8FDA-4220-A44A-683867FA36CD}.Release|Any CPU.Build.0 = Release|Any CPU
	EndGlobalSection
	GlobalSection(SolutionProperties) = preSolution
		HideSolutionNode = FALSE
	EndGlobalSection
	GlobalSection(ExtensibilityGlobals) = postSolution
		SolutionGuid = {31618091-C70B-40BD-B37E-48A505EC9230}
	EndGlobalSection
EndGlobal
